
Microsoft Visual Studio Solution File, Format Version 12.00
# Visual Studio Version 17
VisualStudioVersion = 17.3.32728.150
MinimumVisualStudioVersion = 10.0.40219.1
Project("{2150E333-8FDC-42A3-9474-1A3956D46DE8}") = "src", "src", "{E9BC450F-79D5-418B-ADC9-892BF740F61D}"
EndProject
Project("{9A19103F-16F7-4668-BE54-9A1E7A4F7556}") = "Yodeller.Web", "src\Yodeller.Web\Yodeller.Web.csproj", "{844C7F30-1D25-4642-998A-6C0424D55159}"
EndProject
Project("{2150E333-8FDC-42A3-9474-1A3956D46DE8}") = "tests", "tests", "{E58129AF-79D0-4FC1-824D-DFAA7DBA9670}"
EndProject
Project("{9A19103F-16F7-4668-BE54-9A1E7A4F7556}") = "Yodeller.Application.Tests", "tests\Yodeller.Application.Tests\Yodeller.Application.Tests.csproj", "{7D2FD143-E8EB-4C43-AAFE-FBA9DF4BDEFC}"
EndProject
Project("{9A19103F-16F7-4668-BE54-9A1E7A4F7556}") = "Yodeller.Application", "src\Yodeller.Application\Yodeller.Application.csproj", "{57278C33-2986-43C8-8C8B-969AA8C4E4D4}"
EndProject
Project("{9A19103F-16F7-4668-BE54-9A1E7A4F7556}") = "Yodeller.Web.Tests", "tests\Yodeller.Web.Tests\Yodeller.Web.Tests.csproj", "{D1E7D1B9-DEF8-492F-8328-890A869B40C0}"
EndProject
Project("{9A19103F-16F7-4668-BE54-9A1E7A4F7556}") = "Yodeller.Infrastructure", "src\Yodeller.Infrastructure\Yodeller.Infrastructure.csproj", "{43461B3A-C338-4E06-ADBB-343CC00B8A25}"
EndProject
Project("{FAE04EC0-301F-11D3-BF4B-00C04F79EFBC}") = "Core.Shared", "src\Core.Shared\Core.Shared.csproj", "{C3166C7A-7B9D-4D8E-A48E-377FC5EC68A8}"
EndProject
Project("{FAE04EC0-301F-11D3-BF4B-00C04F79EFBC}") = "Core.Shared.Tests", "tests\Core.Shared.Tests\Core.Shared.Tests.csproj", "{76425E15-2AEE-4AB8-B949-63FDA1D65AB9}"
EndProject
Global
	GlobalSection(SolutionConfigurationPlatforms) = preSolution
		Debug|Any CPU = Debug|Any CPU
		Release|Any CPU = Release|Any CPU
	EndGlobalSection
	GlobalSection(ProjectConfigurationPlatforms) = postSolution
		{844C7F30-1D25-4642-998A-6C0424D55159}.Debug|Any CPU.ActiveCfg = Debug|Any CPU
		{844C7F30-1D25-4642-998A-6C0424D55159}.Debug|Any CPU.Build.0 = Debug|Any CPU
		{844C7F30-1D25-4642-998A-6C0424D55159}.Release|Any CPU.ActiveCfg = Release|Any CPU
		{844C7F30-1D25-4642-998A-6C0424D55159}.Release|Any CPU.Build.0 = Release|Any CPU
		{7D2FD143-E8EB-4C43-AAFE-FBA9DF4BDEFC}.Debug|Any CPU.ActiveCfg = Debug|Any CPU
		{7D2FD143-E8EB-4C43-AAFE-FBA9DF4BDEFC}.Debug|Any CPU.Build.0 = Debug|Any CPU
		{7D2FD143-E8EB-4C43-AAFE-FBA9DF4BDEFC}.Release|Any CPU.ActiveCfg = Release|Any CPU
		{7D2FD143-E8EB-4C43-AAFE-FBA9DF4BDEFC}.Release|Any CPU.Build.0 = Release|Any CPU
		{57278C33-2986-43C8-8C8B-969AA8C4E4D4}.Debug|Any CPU.ActiveCfg = Debug|Any CPU
		{57278C33-2986-43C8-8C8B-969AA8C4E4D4}.Debug|Any CPU.Build.0 = Debug|Any CPU
		{57278C33-2986-43C8-8C8B-969AA8C4E4D4}.Release|Any CPU.ActiveCfg = Release|Any CPU
		{57278C33-2986-43C8-8C8B-969AA8C4E4D4}.Release|Any CPU.Build.0 = Release|Any CPU
		{D1E7D1B9-DEF8-492F-8328-890A869B40C0}.Debug|Any CPU.ActiveCfg = Debug|Any CPU
		{D1E7D1B9-DEF8-492F-8328-890A869B40C0}.Debug|Any CPU.Build.0 = Debug|Any CPU
		{D1E7D1B9-DEF8-492F-8328-890A869B40C0}.Release|Any CPU.ActiveCfg = Release|Any CPU
		{D1E7D1B9-DEF8-492F-8328-890A869B40C0}.Release|Any CPU.Build.0 = Release|Any CPU
		{43461B3A-C338-4E06-ADBB-343CC00B8A25}.Debug|Any CPU.ActiveCfg = Debug|Any CPU
		{43461B3A-C338-4E06-ADBB-343CC00B8A25}.Debug|Any CPU.Build.0 = Debug|Any CPU
		{43461B3A-C338-4E06-ADBB-343CC00B8A25}.Release|Any CPU.ActiveCfg = Release|Any CPU
		{43461B3A-C338-4E06-ADBB-343CC00B8A25}.Release|Any CPU.Build.0 = Release|Any CPU
		{C3166C7A-7B9D-4D8E-A48E-377FC5EC68A8}.Debug|Any CPU.ActiveCfg = Debug|Any CPU
		{C3166C7A-7B9D-4D8E-A48E-377FC5EC68A8}.Debug|Any CPU.Build.0 = Debug|Any CPU
		{C3166C7A-7B9D-4D8E-A48E-377FC5EC68A8}.Release|Any CPU.ActiveCfg = Release|Any CPU
		{C3166C7A-7B9D-4D8E-A48E-377FC5EC68A8}.Release|Any CPU.Build.0 = Release|Any CPU
		{76425E15-2AEE-4AB8-B949-63FDA1D65AB9}.Debug|Any CPU.ActiveCfg = Debug|Any CPU
		{76425E15-2AEE-4AB8-B949-63FDA1D65AB9}.Debug|Any CPU.Build.0 = Debug|Any CPU
		{76425E15-2AEE-4AB8-B949-63FDA1D65AB9}.Release|Any CPU.ActiveCfg = Release|Any CPU
		{76425E15-2AEE-4AB8-B949-63FDA1D65AB9}.Release|Any CPU.Build.0 = Release|Any CPU
	EndGlobalSection
	GlobalSection(SolutionProperties) = preSolution
		HideSolutionNode = FALSE
	EndGlobalSection
	GlobalSection(NestedProjects) = preSolution
		{844C7F30-1D25-4642-998A-6C0424D55159} = {E9BC450F-79D5-418B-ADC9-892BF740F61D}
		{7D2FD143-E8EB-4C43-AAFE-FBA9DF4BDEFC} = {E58129AF-79D0-4FC1-824D-DFAA7DBA9670}
		{57278C33-2986-43C8-8C8B-969AA8C4E4D4} = {E9BC450F-79D5-418B-ADC9-892BF740F61D}
		{D1E7D1B9-DEF8-492F-8328-890A869B40C0} = {E58129AF-79D0-4FC1-824D-DFAA7DBA9670}
		{43461B3A-C338-4E06-ADBB-343CC00B8A25} = {E9BC450F-79D5-418B-ADC9-892BF740F61D}
		{C3166C7A-7B9D-4D8E-A48E-377FC5EC68A8} = {E9BC450F-79D5-418B-ADC9-892BF740F61D}
		{76425E15-2AEE-4AB8-B949-63FDA1D65AB9} = {E58129AF-79D0-4FC1-824D-DFAA7DBA9670}
	EndGlobalSection
	GlobalSection(ExtensibilityGlobals) = postSolution
		SolutionGuid = {A5FC429F-4FC5-4361-8568-057C17705363}
	EndGlobalSection
EndGlobal
